{
  "version": 4,
  "terraform_version": "1.5.4",
  "serial": 8,
  "lineage": "76a4c8ca-fd8a-39a0-a955-2d2a23510efa",
  "outputs": {},
  "resources": [
    {
      "mode": "managed",
      "type": "google_cloud_run_service",
      "name": "my-service",
      "provider": "provider[\"registry.terraform.io/hashicorp/google\"]",
      "instances": [
        {
          "schema_version": 2,
          "attributes": {
            "autogenerate_revision_name": false,
            "id": "locations/europe-west3/namespaces/customer-balance-420809/services/customer-balance",
            "location": "europe-west3",
            "metadata": [
              {
                "annotations": {},
                "effective_annotations": {
                  "run.googleapis.com/client-name": "cloud-console",
                  "run.googleapis.com/ingress": "all",
                  "run.googleapis.com/ingress-status": "all",
                  "run.googleapis.com/operation-id": "e40dfc08-4cea-4351-b9f1-6e94680876b4",
                  "serving.knative.dev/creator": "jashif.aboobacker@capgemini.com",
                  "serving.knative.dev/lastModifier": "jashif.aboobacker@capgemini.com"
                },
                "effective_labels": {
                  "cloud.googleapis.com/location": "europe-west3",
                  "run.googleapis.com/satisfiesPzs": "true"
                },
                "generation": 3,
                "labels": {},
                "namespace": "customer-balance-420809",
                "resource_version": "AAYWq3f0HW8",
                "self_link": "/apis/serving.knative.dev/v1/namespaces/196630020283/services/customer-balance",
                "terraform_labels": {},
                "uid": "8ffefa07-7742-4bec-b50d-8289e7251c51"
              }
            ],
            "name": "customer-balance",
            "project": "customer-balance-420809",
            "status": [
              {
                "conditions": [
                  {
                    "message": "",
                    "reason": "",
                    "status": "True",
                    "type": "Ready"
                  },
                  {
                    "message": "",
                    "reason": "",
                    "status": "True",
                    "type": "ConfigurationsReady"
                  },
                  {
                    "message": "",
                    "reason": "",
                    "status": "True",
                    "type": "RoutesReady"
                  }
                ],
                "latest_created_revision_name": "customer-balance-00003-rbb",
                "latest_ready_revision_name": "customer-balance-00003-rbb",
                "observed_generation": 3,
                "traffic": [
                  {
                    "latest_revision": true,
                    "percent": 100,
                    "revision_name": "customer-balance-00003-rbb",
                    "tag": "",
                    "url": ""
                  }
                ],
                "url": "https://customer-balance-ti2qwthvqa-ey.a.run.app"
              }
            ],
            "template": [
              {
                "metadata": [
                  {
                    "annotations": {
                      "autoscaling.knative.dev/maxScale": "100",
                      "run.googleapis.com/client-name": "cloud-console",
                      "run.googleapis.com/cloudsql-instances": "customer-balance-420809:europe-west3:customer-balance",
                      "run.googleapis.com/startup-cpu-boost": "false"
                    },
                    "generation": 0,
                    "labels": {
                      "client.knative.dev/nonce": "b075fd8e-2280-4024-ae7d-a098c9706b8d",
                      "run.googleapis.com/startupProbeType": "Default"
                    },
                    "name": "",
                    "namespace": "",
                    "resource_version": "",
                    "self_link": "",
                    "uid": ""
                  }
                ],
                "spec": [
                  {
                    "container_concurrency": 80,
                    "containers": [
                      {
                        "args": [],
                        "command": [],
                        "env": [
                          {
                            "name": "PG_DB_NAME",
                            "value": "postgres",
                            "value_from": []
                          },
                          {
                            "name": "PG_HOST",
                            "value": "/cloudsql/customer-balance-420809:europe-west3:customer-balance",
                            "value_from": []
                          },
                          {
                            "name": "PG_PASSWORD",
                            "value": "123456",
                            "value_from": []
                          },
                          {
                            "name": "PG_USER",
                            "value": "postgres",
                            "value_from": []
                          },
                          {
                            "name": "VERSION",
                            "value": "2",
                            "value_from": []
                          }
                        ],
                        "env_from": [],
                        "image": "gcr.io/customer-balance-420809/customer-balance:latest",
                        "liveness_probe": [],
                        "name": "customer-balance-1",
                        "ports": [
                          {
                            "container_port": 8080,
                            "name": "http1",
                            "protocol": ""
                          }
                        ],
                        "resources": [
                          {
                            "limits": {
                              "cpu": "1000m",
                              "memory": "512Mi"
                            },
                            "requests": {}
                          }
                        ],
                        "startup_probe": [
                          {
                            "failure_threshold": 1,
                            "grpc": [],
                            "http_get": [],
                            "initial_delay_seconds": 0,
                            "period_seconds": 240,
                            "tcp_socket": [
                              {
                                "port": 8080
                              }
                            ],
                            "timeout_seconds": 240
                          }
                        ],
                        "volume_mounts": [],
                        "working_dir": ""
                      }
                    ],
                    "service_account_name": "196630020283-compute@developer.gserviceaccount.com",
                    "serving_state": "",
                    "timeout_seconds": 300,
                    "volumes": []
                  }
                ]
              }
            ],
            "timeouts": null,
            "traffic": [
              {
                "latest_revision": true,
                "percent": 100,
                "revision_name": "",
                "tag": "",
                "url": ""
              }
            ]
          },
          "sensitive_attributes": [],
          "private": "eyJlMmJmYjczMC1lY2FhLTExZTYtOGY4OC0zNDM2M2JjN2M0YzAiOnsiY3JlYXRlIjoxMjAwMDAwMDAwMDAwLCJkZWxldGUiOjEyMDAwMDAwMDAwMDAsInVwZGF0ZSI6MTIwMDAwMDAwMDAwMH0sInNjaGVtYV92ZXJzaW9uIjoiMiJ9"
        }
      ]
    }
  ],
  "check_results": null
}
